// !$*UTF8*$!
{
	archiveVersion = 1;
	classes = {
	};
	objectVersion = 51;
	objects = {

/* Begin PBXBuildFile section */
		1100A741250CD8FA00EB3528 /* GoogleService-Info.plist in Resources */ = {isa = PBXBuildFile; fileRef = 1100A740250CD8FA00EB3528 /* GoogleService-Info.plist */; };
		1100A744250D199700EB3528 /* ToastTableViewCell.swift in Sources */ = {isa = PBXBuildFile; fileRef = 1100A742250D199700EB3528 /* ToastTableViewCell.swift */; };
		1100A745250D199700EB3528 /* ToastTableViewCell.xib in Resources */ = {isa = PBXBuildFile; fileRef = 1100A743250D199700EB3528 /* ToastTableViewCell.xib */; };
		1100A748250D1F6200EB3528 /* Toast.swift in Sources */ = {isa = PBXBuildFile; fileRef = 1100A747250D1F6200EB3528 /* Toast.swift */; };
		1109858A24FFF3D100C7B73F /* AppDelegate.swift in Sources */ = {isa = PBXBuildFile; fileRef = 1109858924FFF3D100C7B73F /* AppDelegate.swift */; };
		1109858C24FFF3D100C7B73F /* SceneDelegate.swift in Sources */ = {isa = PBXBuildFile; fileRef = 1109858B24FFF3D100C7B73F /* SceneDelegate.swift */; };
		1109858E24FFF3D100C7B73F /* StartViewController.swift in Sources */ = {isa = PBXBuildFile; fileRef = 1109858D24FFF3D100C7B73F /* StartViewController.swift */; };
		1109859124FFF3D100C7B73F /* Main.storyboard in Resources */ = {isa = PBXBuildFile; fileRef = 1109858F24FFF3D100C7B73F /* Main.storyboard */; };
		1109859324FFF3D600C7B73F /* Assets.xcassets in Resources */ = {isa = PBXBuildFile; fileRef = 1109859224FFF3D600C7B73F /* Assets.xcassets */; };
		1109859624FFF3D600C7B73F /* LaunchScreen.storyboard in Resources */ = {isa = PBXBuildFile; fileRef = 1109859424FFF3D600C7B73F /* LaunchScreen.storyboard */; };
		11322FA2250633AD005F78E6 /* CardState.swift in Sources */ = {isa = PBXBuildFile; fileRef = 11322FA1250633AD005F78E6 /* CardState.swift */; };
		11322FA4250633F8005F78E6 /* ToastsViewController.xib in Resources */ = {isa = PBXBuildFile; fileRef = 11322FA3250633F8005F78E6 /* ToastsViewController.xib */; };
		11731B062508F24200AB9342 /* CircleView.swift in Sources */ = {isa = PBXBuildFile; fileRef = 11731B052508F24200AB9342 /* CircleView.swift */; };
		11788A7E2500F0FE0012D22C /* ToastsViewController.swift in Sources */ = {isa = PBXBuildFile; fileRef = 11788A7D2500F0FE0012D22C /* ToastsViewController.swift */; };
		117C6229250E772D006667CB /* TextToSpeechService.swift in Sources */ = {isa = PBXBuildFile; fileRef = 117C6228250E772D006667CB /* TextToSpeechService.swift */; };
		117C63BE2503CB21005299AD /* UIStoryboard+Extensions.swift in Sources */ = {isa = PBXBuildFile; fileRef = 117C63BD2503CB21005299AD /* UIStoryboard+Extensions.swift */; };
		11A261EE2500015C001C4AE1 /* UIView+Extensions.swift in Sources */ = {isa = PBXBuildFile; fileRef = 11A261ED2500015C001C4AE1 /* UIView+Extensions.swift */; };
		1EB356F5EFBC47B5E4387BCC /* Pods_Toaster.framework in Frameworks */ = {isa = PBXBuildFile; fileRef = E7CDD49D3F612AE5C2831CA0 /* Pods_Toaster.framework */; };
/* End PBXBuildFile section */

/* Begin PBXFileReference section */
		1100A740250CD8FA00EB3528 /* GoogleService-Info.plist */ = {isa = PBXFileReference; fileEncoding = 4; lastKnownFileType = text.plist.xml; path = "GoogleService-Info.plist"; sourceTree = "<group>"; };
		1100A742250D199700EB3528 /* ToastTableViewCell.swift */ = {isa = PBXFileReference; lastKnownFileType = sourcecode.swift; path = ToastTableViewCell.swift; sourceTree = "<group>"; };
		1100A743250D199700EB3528 /* ToastTableViewCell.xib */ = {isa = PBXFileReference; lastKnownFileType = file.xib; path = ToastTableViewCell.xib; sourceTree = "<group>"; };
		1100A747250D1F6200EB3528 /* Toast.swift */ = {isa = PBXFileReference; lastKnownFileType = sourcecode.swift; path = Toast.swift; sourceTree = "<group>"; };
		1109858624FFF3D100C7B73F /* Toaster.app */ = {isa = PBXFileReference; explicitFileType = wrapper.application; includeInIndex = 0; path = Toaster.app; sourceTree = BUILT_PRODUCTS_DIR; };
		1109858924FFF3D100C7B73F /* AppDelegate.swift */ = {isa = PBXFileReference; lastKnownFileType = sourcecode.swift; path = AppDelegate.swift; sourceTree = "<group>"; };
		1109858B24FFF3D100C7B73F /* SceneDelegate.swift */ = {isa = PBXFileReference; lastKnownFileType = sourcecode.swift; path = SceneDelegate.swift; sourceTree = "<group>"; };
		1109858D24FFF3D100C7B73F /* StartViewController.swift */ = {isa = PBXFileReference; lastKnownFileType = sourcecode.swift; path = StartViewController.swift; sourceTree = "<group>"; };
		1109859024FFF3D100C7B73F /* Base */ = {isa = PBXFileReference; lastKnownFileType = file.storyboard; name = Base; path = Base.lproj/Main.storyboard; sourceTree = "<group>"; };
		1109859224FFF3D600C7B73F /* Assets.xcassets */ = {isa = PBXFileReference; lastKnownFileType = folder.assetcatalog; path = Assets.xcassets; sourceTree = "<group>"; };
		1109859524FFF3D600C7B73F /* Base */ = {isa = PBXFileReference; lastKnownFileType = file.storyboard; name = Base; path = Base.lproj/LaunchScreen.storyboard; sourceTree = "<group>"; };
		1109859724FFF3D600C7B73F /* Info.plist */ = {isa = PBXFileReference; lastKnownFileType = text.plist.xml; path = Info.plist; sourceTree = "<group>"; };
		11322FA1250633AD005F78E6 /* CardState.swift */ = {isa = PBXFileReference; lastKnownFileType = sourcecode.swift; path = CardState.swift; sourceTree = "<group>"; };
		11322FA3250633F8005F78E6 /* ToastsViewController.xib */ = {isa = PBXFileReference; lastKnownFileType = file.xib; path = ToastsViewController.xib; sourceTree = "<group>"; };
		11731B052508F24200AB9342 /* CircleView.swift */ = {isa = PBXFileReference; lastKnownFileType = sourcecode.swift; path = CircleView.swift; sourceTree = "<group>"; };
		11788A7D2500F0FE0012D22C /* ToastsViewController.swift */ = {isa = PBXFileReference; lastKnownFileType = sourcecode.swift; path = ToastsViewController.swift; sourceTree = "<group>"; };
		117C6228250E772D006667CB /* TextToSpeechService.swift */ = {isa = PBXFileReference; lastKnownFileType = sourcecode.swift; path = TextToSpeechService.swift; sourceTree = "<group>"; };
		117C63BD2503CB21005299AD /* UIStoryboard+Extensions.swift */ = {isa = PBXFileReference; lastKnownFileType = sourcecode.swift; path = "UIStoryboard+Extensions.swift"; sourceTree = "<group>"; };
		11A261ED2500015C001C4AE1 /* UIView+Extensions.swift */ = {isa = PBXFileReference; lastKnownFileType = sourcecode.swift; path = "UIView+Extensions.swift"; sourceTree = "<group>"; };
		3DCC1880E3C04BDB497274AE /* Pods-Toaster.release.xcconfig */ = {isa = PBXFileReference; includeInIndex = 1; lastKnownFileType = text.xcconfig; name = "Pods-Toaster.release.xcconfig"; path = "Target Support Files/Pods-Toaster/Pods-Toaster.release.xcconfig"; sourceTree = "<group>"; };
		4C5AE66087019C9A27DE1580 /* Pods-Toaster.debug.xcconfig */ = {isa = PBXFileReference; includeInIndex = 1; lastKnownFileType = text.xcconfig; name = "Pods-Toaster.debug.xcconfig"; path = "Target Support Files/Pods-Toaster/Pods-Toaster.debug.xcconfig"; sourceTree = "<group>"; };
		E7CDD49D3F612AE5C2831CA0 /* Pods_Toaster.framework */ = {isa = PBXFileReference; explicitFileType = wrapper.framework; includeInIndex = 0; path = Pods_Toaster.framework; sourceTree = BUILT_PRODUCTS_DIR; };
/* End PBXFileReference section */

/* Begin PBXFrameworksBuildPhase section */
		1109858324FFF3D100C7B73F /* Frameworks */ = {
			isa = PBXFrameworksBuildPhase;
			buildActionMask = 2147483647;
			files = (
				1EB356F5EFBC47B5E4387BCC /* Pods_Toaster.framework in Frameworks */,
			);
			runOnlyForDeploymentPostprocessing = 0;
		};
/* End PBXFrameworksBuildPhase section */

/* Begin PBXGroup section */
		1100A746250D1F5500EB3528 /* Models */ = {
			isa = PBXGroup;
			children = (
				1100A747250D1F6200EB3528 /* Toast.swift */,
			);
			path = Models;
			sourceTree = "<group>";
		};
		1109857D24FFF3D100C7B73F = {
			isa = PBXGroup;
			children = (
				1109858824FFF3D100C7B73F /* Toaster */,
				1109858724FFF3D100C7B73F /* Products */,
				304DC491A52434FA3B3F2631 /* Pods */,
				981D01B786996C0044976CCB /* Frameworks */,
			);
			sourceTree = "<group>";
		};
		1109858724FFF3D100C7B73F /* Products */ = {
			isa = PBXGroup;
			children = (
				1109858624FFF3D100C7B73F /* Toaster.app */,
			);
			name = Products;
			sourceTree = "<group>";
		};
		1109858824FFF3D100C7B73F /* Toaster */ = {
			isa = PBXGroup;
			children = (
				117C6227250E771B006667CB /* Services */,
				1100A746250D1F5500EB3528 /* Models */,
				1100A740250CD8FA00EB3528 /* GoogleService-Info.plist */,
				11731B042508F22200AB9342 /* Views */,
				11322FA02506339B005F78E6 /* Enums */,
				11A261EC2500014A001C4AE1 /* Extensions */,
				1109858924FFF3D100C7B73F /* AppDelegate.swift */,
				11A261EB2500008A001C4AE1 /* ViewControllers */,
				1109858B24FFF3D100C7B73F /* SceneDelegate.swift */,
				1109858F24FFF3D100C7B73F /* Main.storyboard */,
				1109859224FFF3D600C7B73F /* Assets.xcassets */,
				1109859424FFF3D600C7B73F /* LaunchScreen.storyboard */,
				1109859724FFF3D600C7B73F /* Info.plist */,
			);
			path = Toaster;
			sourceTree = "<group>";
		};
		11322FA02506339B005F78E6 /* Enums */ = {
			isa = PBXGroup;
			children = (
				11322FA1250633AD005F78E6 /* CardState.swift */,
			);
			path = Enums;
			sourceTree = "<group>";
		};
		11731B042508F22200AB9342 /* Views */ = {
			isa = PBXGroup;
			children = (
				11731B052508F24200AB9342 /* CircleView.swift */,
				1100A742250D199700EB3528 /* ToastTableViewCell.swift */,
				1100A743250D199700EB3528 /* ToastTableViewCell.xib */,
			);
			path = Views;
			sourceTree = "<group>";
		};
		117C6227250E771B006667CB /* Services */ = {
			isa = PBXGroup;
			children = (
				117C6228250E772D006667CB /* TextToSpeechService.swift */,
			);
			path = Services;
			sourceTree = "<group>";
		};
		11A261EB2500008A001C4AE1 /* ViewControllers */ = {
			isa = PBXGroup;
			children = (
				1109858D24FFF3D100C7B73F /* StartViewController.swift */,
				11788A7D2500F0FE0012D22C /* ToastsViewController.swift */,
				11322FA3250633F8005F78E6 /* ToastsViewController.xib */,
			);
			path = ViewControllers;
			sourceTree = "<group>";
		};
		11A261EC2500014A001C4AE1 /* Extensions */ = {
			isa = PBXGroup;
			children = (
				11A261ED2500015C001C4AE1 /* UIView+Extensions.swift */,
				117C63BD2503CB21005299AD /* UIStoryboard+Extensions.swift */,
			);
			path = Extensions;
			sourceTree = "<group>";
		};
		304DC491A52434FA3B3F2631 /* Pods */ = {
			isa = PBXGroup;
			children = (
				4C5AE66087019C9A27DE1580 /* Pods-Toaster.debug.xcconfig */,
				3DCC1880E3C04BDB497274AE /* Pods-Toaster.release.xcconfig */,
			);
			path = Pods;
			sourceTree = "<group>";
		};
		981D01B786996C0044976CCB /* Frameworks */ = {
			isa = PBXGroup;
			children = (
				E7CDD49D3F612AE5C2831CA0 /* Pods_Toaster.framework */,
			);
			name = Frameworks;
			sourceTree = "<group>";
		};
/* End PBXGroup section */

/* Begin PBXNativeTarget section */
		1109858524FFF3D100C7B73F /* Toaster */ = {
			isa = PBXNativeTarget;
			buildConfigurationList = 1109859A24FFF3D600C7B73F /* Build configuration list for PBXNativeTarget "Toaster" */;
			buildPhases = (
				4105486D75D3485CDF90FE24 /* [CP] Check Pods Manifest.lock */,
				1109858224FFF3D100C7B73F /* Sources */,
				1109858324FFF3D100C7B73F /* Frameworks */,
				1109858424FFF3D100C7B73F /* Resources */,
				2AC9DD0006A1C41EB2B31245 /* [CP] Embed Pods Frameworks */,
			);
			buildRules = (
			);
			dependencies = (
			);
			name = Toaster;
			productName = Toaster;
			productReference = 1109858624FFF3D100C7B73F /* Toaster.app */;
			productType = "com.apple.product-type.application";
		};
/* End PBXNativeTarget section */

/* Begin PBXProject section */
		1109857E24FFF3D100C7B73F /* Project object */ = {
			isa = PBXProject;
			attributes = {
				LastSwiftUpdateCheck = 1160;
				LastUpgradeCheck = 1160;
				ORGANIZATIONNAME = "Nikita Pekurin";
				TargetAttributes = {
					1109858524FFF3D100C7B73F = {
						CreatedOnToolsVersion = 11.6;
					};
				};
			};
			buildConfigurationList = 1109858124FFF3D100C7B73F /* Build configuration list for PBXProject "Toaster" */;
			compatibilityVersion = "Xcode 9.3";
			developmentRegion = en;
			hasScannedForEncodings = 0;
			knownRegions = (
				en,
				Base,
			);
			mainGroup = 1109857D24FFF3D100C7B73F;
			productRefGroup = 1109858724FFF3D100C7B73F /* Products */;
			projectDirPath = "";
			projectRoot = "";
			targets = (
				1109858524FFF3D100C7B73F /* Toaster */,
			);
		};
/* End PBXProject section */

/* Begin PBXResourcesBuildPhase section */
		1109858424FFF3D100C7B73F /* Resources */ = {
			isa = PBXResourcesBuildPhase;
			buildActionMask = 2147483647;
			files = (
				1109859624FFF3D600C7B73F /* LaunchScreen.storyboard in Resources */,
				1109859324FFF3D600C7B73F /* Assets.xcassets in Resources */,
				1100A741250CD8FA00EB3528 /* GoogleService-Info.plist in Resources */,
				11322FA4250633F8005F78E6 /* ToastsViewController.xib in Resources */,
				1109859124FFF3D100C7B73F /* Main.storyboard in Resources */,
				1100A745250D199700EB3528 /* ToastTableViewCell.xib in Resources */,
			);
			runOnlyForDeploymentPostprocessing = 0;
		};
/* End PBXResourcesBuildPhase section */

/* Begin PBXShellScriptBuildPhase section */
		2AC9DD0006A1C41EB2B31245 /* [CP] Embed Pods Frameworks */ = {
			isa = PBXShellScriptBuildPhase;
			buildActionMask = 2147483647;
			files = (
			);
			inputFileListPaths = (
				"${PODS_ROOT}/Target Support Files/Pods-Toaster/Pods-Toaster-frameworks-${CONFIGURATION}-input-files.xcfilelist",
			);
			name = "[CP] Embed Pods Frameworks";
			outputFileListPaths = (
				"${PODS_ROOT}/Target Support Files/Pods-Toaster/Pods-Toaster-frameworks-${CONFIGURATION}-output-files.xcfilelist",
			);
			runOnlyForDeploymentPostprocessing = 0;
			shellPath = /bin/sh;
			shellScript = "\"${PODS_ROOT}/Target Support Files/Pods-Toaster/Pods-Toaster-frameworks.sh\"\n";
			showEnvVarsInLog = 0;
		};
		4105486D75D3485CDF90FE24 /* [CP] Check Pods Manifest.lock */ = {
			isa = PBXShellScriptBuildPhase;
			buildActionMask = 2147483647;
			files = (
			);
			inputFileListPaths = (
			);
			inputPaths = (
				"${PODS_PODFILE_DIR_PATH}/Podfile.lock",
				"${PODS_ROOT}/Manifest.lock",
			);
			name = "[CP] Check Pods Manifest.lock";
			outputFileListPaths = (
			);
			outputPaths = (
				"$(DERIVED_FILE_DIR)/Pods-Toaster-checkManifestLockResult.txt",
			);
			runOnlyForDeploymentPostprocessing = 0;
			shellPath = /bin/sh;
			shellScript = "diff \"${PODS_PODFILE_DIR_PATH}/Podfile.lock\" \"${PODS_ROOT}/Manifest.lock\" > /dev/null\nif [ $? != 0 ] ; then\n    # print error to STDERR\n    echo \"error: The sandbox is not in sync with the Podfile.lock. Run 'pod install' or update your CocoaPods installation.\" >&2\n    exit 1\nfi\n# This output is used by Xcode 'outputs' to avoid re-running this script phase.\necho \"SUCCESS\" > \"${SCRIPT_OUTPUT_FILE_0}\"\n";
			showEnvVarsInLog = 0;
		};
/* End PBXShellScriptBuildPhase section */

/* Begin PBXSourcesBuildPhase section */
		1109858224FFF3D100C7B73F /* Sources */ = {
			isa = PBXSourcesBuildPhase;
			buildActionMask = 2147483647;
			files = (
				117C6229250E772D006667CB /* TextToSpeechService.swift in Sources */,
				11731B062508F24200AB9342 /* CircleView.swift in Sources */,
				117C63BE2503CB21005299AD /* UIStoryboard+Extensions.swift in Sources */,
				1109858E24FFF3D100C7B73F /* StartViewController.swift in Sources */,
				1109858A24FFF3D100C7B73F /* AppDelegate.swift in Sources */,
				11A261EE2500015C001C4AE1 /* UIView+Extensions.swift in Sources */,
				1109858C24FFF3D100C7B73F /* SceneDelegate.swift in Sources */,
				1100A744250D199700EB3528 /* ToastTableViewCell.swift in Sources */,
				1100A748250D1F6200EB3528 /* Toast.swift in Sources */,
				11322FA2250633AD005F78E6 /* CardState.swift in Sources */,
				11788A7E2500F0FE0012D22C /* ToastsViewController.swift in Sources */,
			);
			runOnlyForDeploymentPostprocessing = 0;
		};
/* End PBXSourcesBuildPhase section */

/* Begin PBXVariantGroup section */
		1109858F24FFF3D100C7B73F /* Main.storyboard */ = {
			isa = PBXVariantGroup;
			children = (
				1109859024FFF3D100C7B73F /* Base */,
			);
			name = Main.storyboard;
			sourceTree = "<group>";
		};
		1109859424FFF3D600C7B73F /* LaunchScreen.storyboard */ = {
			isa = PBXVariantGroup;
			children = (
				1109859524FFF3D600C7B73F /* Base */,
			);
			name = LaunchScreen.storyboard;
			sourceTree = "<group>";
		};
/* End PBXVariantGroup section */

/* Begin XCBuildConfiguration section */
		1109859824FFF3D600C7B73F /* Debug */ = {
			isa = XCBuildConfiguration;
			buildSettings = {
				ALWAYS_SEARCH_USER_PATHS = NO;
				CLANG_ANALYZER_NONNULL = YES;
				CLANG_ANALYZER_NUMBER_OBJECT_CONVERSION = YES_AGGRESSIVE;
				CLANG_CXX_LANGUAGE_STANDARD = "gnu++14";
				CLANG_CXX_LIBRARY = "libc++";
				CLANG_ENABLE_MODULES = YES;
				CLANG_ENABLE_OBJC_ARC = YES;
				CLANG_ENABLE_OBJC_WEAK = YES;
				CLANG_WARN_BLOCK_CAPTURE_AUTORELEASING = YES;
				CLANG_WARN_BOOL_CONVERSION = YES;
				CLANG_WARN_COMMA = YES;
				CLANG_WARN_CONSTANT_CONVERSION = YES;
				CLANG_WARN_DEPRECATED_OBJC_IMPLEMENTATIONS = YES;
				CLANG_WARN_DIRECT_OBJC_ISA_USAGE = YES_ERROR;
				CLANG_WARN_DOCUMENTATION_COMMENTS = YES;
				CLANG_WARN_EMPTY_BODY = YES;
				CLANG_WARN_ENUM_CONVERSION = YES;
				CLANG_WARN_INFINITE_RECURSION = YES;
				CLANG_WARN_INT_CONVERSION = YES;
				CLANG_WARN_NON_LITERAL_NULL_CONVERSION = YES;
				CLANG_WARN_OBJC_IMPLICIT_RETAIN_SELF = YES;
				CLANG_WARN_OBJC_LITERAL_CONVERSION = YES;
				CLANG_WARN_OBJC_ROOT_CLASS = YES_ERROR;
				CLANG_WARN_RANGE_LOOP_ANALYSIS = YES;
				CLANG_WARN_STRICT_PROTOTYPES = YES;
				CLANG_WARN_SUSPICIOUS_MOVE = YES;
				CLANG_WARN_UNGUARDED_AVAILABILITY = YES_AGGRESSIVE;
				CLANG_WARN_UNREACHABLE_CODE = YES;
				CLANG_WARN__DUPLICATE_METHOD_MATCH = YES;
				COPY_PHASE_STRIP = NO;
				DEBUG_INFORMATION_FORMAT = dwarf;
				ENABLE_STRICT_OBJC_MSGSEND = YES;
				ENABLE_TESTABILITY = YES;
				GCC_C_LANGUAGE_STANDARD = gnu11;
				GCC_DYNAMIC_NO_PIC = NO;
				GCC_NO_COMMON_BLOCKS = YES;
				GCC_OPTIMIZATION_LEVEL = 0;
				GCC_PREPROCESSOR_DEFINITIONS = (
					"DEBUG=1",
					"$(inherited)",
				);
				GCC_WARN_64_TO_32_BIT_CONVERSION = YES;
				GCC_WARN_ABOUT_RETURN_TYPE = YES_ERROR;
				GCC_WARN_UNDECLARED_SELECTOR = YES;
				GCC_WARN_UNINITIALIZED_AUTOS = YES_AGGRESSIVE;
				GCC_WARN_UNUSED_FUNCTION = YES;
				GCC_WARN_UNUSED_VARIABLE = YES;
				IPHONEOS_DEPLOYMENT_TARGET = 13.6;
				MTL_ENABLE_DEBUG_INFO = INCLUDE_SOURCE;
				MTL_FAST_MATH = YES;
				ONLY_ACTIVE_ARCH = YES;
				SDKROOT = iphoneos;
				SWIFT_ACTIVE_COMPILATION_CONDITIONS = DEBUG;
				SWIFT_OPTIMIZATION_LEVEL = "-Onone";
			};
			name = Debug;
		};
		1109859924FFF3D600C7B73F /* Release */ = {
			isa = XCBuildConfiguration;
			buildSettings = {
				ALWAYS_SEARCH_USER_PATHS = NO;
				CLANG_ANALYZER_NONNULL = YES;
				CLANG_ANALYZER_NUMBER_OBJECT_CONVERSION = YES_AGGRESSIVE;
				CLANG_CXX_LANGUAGE_STANDARD = "gnu++14";
				CLANG_CXX_LIBRARY = "libc++";
				CLANG_ENABLE_MODULES = YES;
				CLANG_ENABLE_OBJC_ARC = YES;
				CLANG_ENABLE_OBJC_WEAK = YES;
				CLANG_WARN_BLOCK_CAPTURE_AUTORELEASING = YES;
				CLANG_WARN_BOOL_CONVERSION = YES;
				CLANG_WARN_COMMA = YES;
				CLANG_WARN_CONSTANT_CONVERSION = YES;
				CLANG_WARN_DEPRECATED_OBJC_IMPLEMENTATIONS = YES;
				CLANG_WARN_DIRECT_OBJC_ISA_USAGE = YES_ERROR;
				CLANG_WARN_DOCUMENTATION_COMMENTS = YES;
				CLANG_WARN_EMPTY_BODY = YES;
				CLANG_WARN_ENUM_CONVERSION = YES;
				CLANG_WARN_INFINITE_RECURSION = YES;
				CLANG_WARN_INT_CONVERSION = YES;
				CLANG_WARN_NON_LITERAL_NULL_CONVERSION = YES;
				CLANG_WARN_OBJC_IMPLICIT_RETAIN_SELF = YES;
				CLANG_WARN_OBJC_LITERAL_CONVERSION = YES;
				CLANG_WARN_OBJC_ROOT_CLASS = YES_ERROR;
				CLANG_WARN_RANGE_LOOP_ANALYSIS = YES;
				CLANG_WARN_STRICT_PROTOTYPES = YES;
				CLANG_WARN_SUSPICIOUS_MOVE = YES;
				CLANG_WARN_UNGUARDED_AVAILABILITY = YES_AGGRESSIVE;
				CLANG_WARN_UNREACHABLE_CODE = YES;
				CLANG_WARN__DUPLICATE_METHOD_MATCH = YES;
				COPY_PHASE_STRIP = NO;
				DEBUG_INFORMATION_FORMAT = "dwarf-with-dsym";
				ENABLE_NS_ASSERTIONS = NO;
				ENABLE_STRICT_OBJC_MSGSEND = YES;
				GCC_C_LANGUAGE_STANDARD = gnu11;
				GCC_NO_COMMON_BLOCKS = YES;
				GCC_WARN_64_TO_32_BIT_CONVERSION = YES;
				GCC_WARN_ABOUT_RETURN_TYPE = YES_ERROR;
				GCC_WARN_UNDECLARED_SELECTOR = YES;
				GCC_WARN_UNINITIALIZED_AUTOS = YES_AGGRESSIVE;
				GCC_WARN_UNUSED_FUNCTION = YES;
				GCC_WARN_UNUSED_VARIABLE = YES;
				IPHONEOS_DEPLOYMENT_TARGET = 13.6;
				MTL_ENABLE_DEBUG_INFO = NO;
				MTL_FAST_MATH = YES;
				SDKROOT = iphoneos;
				SWIFT_COMPILATION_MODE = wholemodule;
				SWIFT_OPTIMIZATION_LEVEL = "-O";
				VALIDATE_PRODUCT = YES;
			};
			name = Release;
		};
		1109859B24FFF3D600C7B73F /* Debug */ = {
			isa = XCBuildConfiguration;
			baseConfigurationReference = 4C5AE66087019C9A27DE1580 /* Pods-Toaster.debug.xcconfig */;
			buildSettings = {
				ASSETCATALOG_COMPILER_APPICON_NAME = AppIcon;
				CODE_SIGN_STYLE = Automatic;
				DEVELOPMENT_TEAM = CXJN356RX8;
				INFOPLIST_FILE = Toaster/Info.plist;
				LD_RUNPATH_SEARCH_PATHS = (
					"$(inherited)",
					"@executable_path/Frameworks",
				);
				PRODUCT_BUNDLE_IDENTIFIER = com.pnikita.Toaster;
				PRODUCT_NAME = "$(TARGET_NAME)";
				SWIFT_VERSION = 5.0;
				TARGETED_DEVICE_FAMILY = "1,2";
			};
			name = Debug;
		};
		1109859C24FFF3D600C7B73F /* Release */ = {
			isa = XCBuildConfiguration;
			baseConfigurationReference = 3DCC1880E3C04BDB497274AE /* Pods-Toaster.release.xcconfig */;
			buildSettings = {
				ASSETCATALOG_COMPILER_APPICON_NAME = AppIcon;
				CODE_SIGN_STYLE = Automatic;
				DEVELOPMENT_TEAM = CXJN356RX8;
				INFOPLIST_FILE = Toaster/Info.plist;
				LD_RUNPATH_SEARCH_PATHS = (
					"$(inherited)",
					"@executable_path/Frameworks",
				);
				PRODUCT_BUNDLE_IDENTIFIER = com.pnikita.Toaster;
				PRODUCT_NAME = "$(TARGET_NAME)";
				SWIFT_VERSION = 5.0;
				TARGETED_DEVICE_FAMILY = "1,2";
			};
			name = Release;
		};
/* End XCBuildConfiguration section */

/* Begin XCConfigurationList section */
		1109858124FFF3D100C7B73F /* Build configuration list for PBXProject "Toaster" */ = {
			isa = XCConfigurationList;
			buildConfigurations = (
				1109859824FFF3D600C7B73F /* Debug */,
				1109859924FFF3D600C7B73F /* Release */,
			);
			defaultConfigurationIsVisible = 0;
			defaultConfigurationName = Release;
		};
		1109859A24FFF3D600C7B73F /* Build configuration list for PBXNativeTarget "Toaster" */ = {
			isa = XCConfigurationList;
			buildConfigurations = (
				1109859B24FFF3D600C7B73F /* Debug */,
				1109859C24FFF3D600C7B73F /* Release */,
			);
			defaultConfigurationIsVisible = 0;
			defaultConfigurationName = Release;
		};
/* End XCConfigurationList section */
	};
	rootObject = 1109857E24FFF3D100C7B73F /* Project object */;
}
